// !$*UTF8*$!
{
	archiveVersion = 1;
	classes = {
	};
	objectVersion = 55;
	objects = {

/* Begin PBXBuildFile section */
		4F31CEDC28D89519007C6FAD /* AppDelegate.swift in Sources */ = {isa = PBXBuildFile; fileRef = 4F31CEDB28D89519007C6FAD /* AppDelegate.swift */; };
		4F31CEDE28D89519007C6FAD /* SceneDelegate.swift in Sources */ = {isa = PBXBuildFile; fileRef = 4F31CEDD28D89519007C6FAD /* SceneDelegate.swift */; };
		4F31CEE028D89519007C6FAD /* ViewController.swift in Sources */ = {isa = PBXBuildFile; fileRef = 4F31CEDF28D89519007C6FAD /* ViewController.swift */; };
		4F31CEE328D89519007C6FAD /* Main.storyboard in Resources */ = {isa = PBXBuildFile; fileRef = 4F31CEE128D89519007C6FAD /* Main.storyboard */; };
		4F31CEE528D8951A007C6FAD /* Assets.xcassets in Resources */ = {isa = PBXBuildFile; fileRef = 4F31CEE428D8951A007C6FAD /* Assets.xcassets */; };
		4F31CEE828D8951A007C6FAD /* LaunchScreen.storyboard in Resources */ = {isa = PBXBuildFile; fileRef = 4F31CEE628D8951A007C6FAD /* LaunchScreen.storyboard */; };
		4F31CEF028D89C97007C6FAD /* TimeListViewController.swift in Sources */ = {isa = PBXBuildFile; fileRef = 4F31CEEF28D89C97007C6FAD /* TimeListViewController.swift */; };
		4F31CEF228D89E68007C6FAD /* TimeListCell.swift in Sources */ = {isa = PBXBuildFile; fileRef = 4F31CEF128D89E68007C6FAD /* TimeListCell.swift */; };
		4F34FD7E28F393E800D2C795 /* SaveOffDateController.swift in Sources */ = {isa = PBXBuildFile; fileRef = 4F34FD7D28F393E800D2C795 /* SaveOffDateController.swift */; };
		4F34FD8028F395F500D2C795 /* SettingViewController.swift in Sources */ = {isa = PBXBuildFile; fileRef = 4F34FD7F28F395F500D2C795 /* SettingViewController.swift */; };
		4F34FD8228F39B7700D2C795 /* UpdateOffDateViewController.swift in Sources */ = {isa = PBXBuildFile; fileRef = 4F34FD8128F39B7700D2C795 /* UpdateOffDateViewController.swift */; };
		4F34FD8428F3C66C00D2C795 /* OverTime.swift in Sources */ = {isa = PBXBuildFile; fileRef = 4F34FD8328F3C66C00D2C795 /* OverTime.swift */; };
/* End PBXBuildFile section */

/* Begin PBXFileReference section */
		4F31CED828D89519007C6FAD /* nightOverTimeSave.app */ = {isa = PBXFileReference; explicitFileType = wrapper.application; includeInIndex = 0; path = nightOverTimeSave.app; sourceTree = BUILT_PRODUCTS_DIR; };
		4F31CEDB28D89519007C6FAD /* AppDelegate.swift */ = {isa = PBXFileReference; lastKnownFileType = sourcecode.swift; path = AppDelegate.swift; sourceTree = "<group>"; };
		4F31CEDD28D89519007C6FAD /* SceneDelegate.swift */ = {isa = PBXFileReference; lastKnownFileType = sourcecode.swift; path = SceneDelegate.swift; sourceTree = "<group>"; };
		4F31CEDF28D89519007C6FAD /* ViewController.swift */ = {isa = PBXFileReference; lastKnownFileType = sourcecode.swift; path = ViewController.swift; sourceTree = "<group>"; };
		4F31CEE228D89519007C6FAD /* Base */ = {isa = PBXFileReference; lastKnownFileType = file.storyboard; name = Base; path = Base.lproj/Main.storyboard; sourceTree = "<group>"; };
		4F31CEE428D8951A007C6FAD /* Assets.xcassets */ = {isa = PBXFileReference; lastKnownFileType = folder.assetcatalog; path = Assets.xcassets; sourceTree = "<group>"; };
		4F31CEE728D8951A007C6FAD /* Base */ = {isa = PBXFileReference; lastKnownFileType = file.storyboard; name = Base; path = Base.lproj/LaunchScreen.storyboard; sourceTree = "<group>"; };
		4F31CEE928D8951A007C6FAD /* Info.plist */ = {isa = PBXFileReference; lastKnownFileType = text.plist.xml; path = Info.plist; sourceTree = "<group>"; };
		4F31CEEF28D89C97007C6FAD /* TimeListViewController.swift */ = {isa = PBXFileReference; lastKnownFileType = sourcecode.swift; path = TimeListViewController.swift; sourceTree = "<group>"; };
		4F31CEF128D89E68007C6FAD /* TimeListCell.swift */ = {isa = PBXFileReference; lastKnownFileType = sourcecode.swift; path = TimeListCell.swift; sourceTree = "<group>"; };
		4F34FD7D28F393E800D2C795 /* SaveOffDateController.swift */ = {isa = PBXFileReference; lastKnownFileType = sourcecode.swift; path = SaveOffDateController.swift; sourceTree = "<group>"; };
		4F34FD7F28F395F500D2C795 /* SettingViewController.swift */ = {isa = PBXFileReference; lastKnownFileType = sourcecode.swift; path = SettingViewController.swift; sourceTree = "<group>"; };
		4F34FD8128F39B7700D2C795 /* UpdateOffDateViewController.swift */ = {isa = PBXFileReference; lastKnownFileType = sourcecode.swift; path = UpdateOffDateViewController.swift; sourceTree = "<group>"; };
		4F34FD8328F3C66C00D2C795 /* OverTime.swift */ = {isa = PBXFileReference; lastKnownFileType = sourcecode.swift; path = OverTime.swift; sourceTree = "<group>"; };
/* End PBXFileReference section */

/* Begin PBXFrameworksBuildPhase section */
		4F31CED528D89519007C6FAD /* Frameworks */ = {
			isa = PBXFrameworksBuildPhase;
			buildActionMask = 2147483647;
			files = (
			);
			runOnlyForDeploymentPostprocessing = 0;
		};
/* End PBXFrameworksBuildPhase section */

/* Begin PBXGroup section */
		4F31CECF28D89519007C6FAD = {
			isa = PBXGroup;
			children = (
				4F31CEDA28D89519007C6FAD /* nightOverTimeSave */,
				4F31CED928D89519007C6FAD /* Products */,
			);
			sourceTree = "<group>";
		};
		4F31CED928D89519007C6FAD /* Products */ = {
			isa = PBXGroup;
			children = (
				4F31CED828D89519007C6FAD /* nightOverTimeSave.app */,
			);
			name = Products;
			sourceTree = "<group>";
		};
		4F31CEDA28D89519007C6FAD /* nightOverTimeSave */ = {
			isa = PBXGroup;
			children = (
				4F31CEDB28D89519007C6FAD /* AppDelegate.swift */,
				4F31CEDD28D89519007C6FAD /* SceneDelegate.swift */,
				4F31CEDF28D89519007C6FAD /* ViewController.swift */,
				4F31CEE128D89519007C6FAD /* Main.storyboard */,
				4F31CEE428D8951A007C6FAD /* Assets.xcassets */,
				4F31CEE628D8951A007C6FAD /* LaunchScreen.storyboard */,
				4F31CEE928D8951A007C6FAD /* Info.plist */,
				4F31CEEF28D89C97007C6FAD /* TimeListViewController.swift */,
				4F31CEF128D89E68007C6FAD /* TimeListCell.swift */,
				4F34FD7D28F393E800D2C795 /* SaveOffDateController.swift */,
				4F34FD7F28F395F500D2C795 /* SettingViewController.swift */,
				4F34FD8128F39B7700D2C795 /* UpdateOffDateViewController.swift */,
				4F34FD8328F3C66C00D2C795 /* OverTime.swift */,
			);
			path = nightOverTimeSave;
			sourceTree = "<group>";
		};
/* End PBXGroup section */

/* Begin PBXNativeTarget section */
		4F31CED728D89519007C6FAD /* nightOverTimeSave */ = {
			isa = PBXNativeTarget;
			buildConfigurationList = 4F31CEEC28D8951A007C6FAD /* Build configuration list for PBXNativeTarget "nightOverTimeSave" */;
			buildPhases = (
				4F31CED428D89519007C6FAD /* Sources */,
				4F31CED528D89519007C6FAD /* Frameworks */,
				4F31CED628D89519007C6FAD /* Resources */,
			);
			buildRules = (
			);
			dependencies = (
			);
			name = nightOverTimeSave;
			productName = nightOverTimeSave;
			productReference = 4F31CED828D89519007C6FAD /* nightOverTimeSave.app */;
			productType = "com.apple.product-type.application";
		};
/* End PBXNativeTarget section */

/* Begin PBXProject section */
		4F31CED028D89519007C6FAD /* Project object */ = {
			isa = PBXProject;
			attributes = {
				BuildIndependentTargetsInParallel = 1;
				LastSwiftUpdateCheck = 1340;
				LastUpgradeCheck = 1340;
				TargetAttributes = {
					4F31CED728D89519007C6FAD = {
						CreatedOnToolsVersion = 13.4;
					};
				};
			};
			buildConfigurationList = 4F31CED328D89519007C6FAD /* Build configuration list for PBXProject "nightOverTimeSave" */;
			compatibilityVersion = "Xcode 13.0";
			developmentRegion = en;
			hasScannedForEncodings = 0;
			knownRegions = (
				en,
				Base,
			);
			mainGroup = 4F31CECF28D89519007C6FAD;
			productRefGroup = 4F31CED928D89519007C6FAD /* Products */;
			projectDirPath = "";
			projectRoot = "";
			targets = (
				4F31CED728D89519007C6FAD /* nightOverTimeSave */,
			);
		};
/* End PBXProject section */

/* Begin PBXResourcesBuildPhase section */
		4F31CED628D89519007C6FAD /* Resources */ = {
			isa = PBXResourcesBuildPhase;
			buildActionMask = 2147483647;
			files = (
				4F31CEE828D8951A007C6FAD /* LaunchScreen.storyboard in Resources */,
				4F31CEE528D8951A007C6FAD /* Assets.xcassets in Resources */,
				4F31CEE328D89519007C6FAD /* Main.storyboard in Resources */,
			);
			runOnlyForDeploymentPostprocessing = 0;
		};
/* End PBXResourcesBuildPhase section */

/* Begin PBXSourcesBuildPhase section */
		4F31CED428D89519007C6FAD /* Sources */ = {
			isa = PBXSourcesBuildPhase;
			buildActionMask = 2147483647;
			files = (
				4F34FD8428F3C66C00D2C795 /* OverTime.swift in Sources */,
				4F31CEE028D89519007C6FAD /* ViewController.swift in Sources */,
				4F31CEF028D89C97007C6FAD /* TimeListViewController.swift in Sources */,
				4F34FD7E28F393E800D2C795 /* SaveOffDateController.swift in Sources */,
				4F31CEF228D89E68007C6FAD /* TimeListCell.swift in Sources */,
				4F31CEDC28D89519007C6FAD /* AppDelegate.swift in Sources */,
				4F34FD8228F39B7700D2C795 /* UpdateOffDateViewController.swift in Sources */,
				4F34FD8028F395F500D2C795 /* SettingViewController.swift in Sources */,
				4F31CEDE28D89519007C6FAD /* SceneDelegate.swift in Sources */,
			);
			runOnlyForDeploymentPostprocessing = 0;
		};
/* End PBXSourcesBuildPhase section */

/* Begin PBXVariantGroup section */
		4F31CEE128D89519007C6FAD /* Main.storyboard */ = {
			isa = PBXVariantGroup;
			children = (
				4F31CEE228D89519007C6FAD /* Base */,
			);
			name = Main.storyboard;
			sourceTree = "<group>";
		};
		4F31CEE628D8951A007C6FAD /* LaunchScreen.storyboard */ = {
			isa = PBXVariantGroup;
			children = (
				4F31CEE728D8951A007C6FAD /* Base */,
			);
			name = LaunchScreen.storyboard;
			sourceTree = "<group>";
		};
/* End PBXVariantGroup section */

/* Begin XCBuildConfiguration section */
		4F31CEEA28D8951A007C6FAD /* Debug */ = {
			isa = XCBuildConfiguration;
			buildSettings = {
				ALWAYS_SEARCH_USER_PATHS = NO;
				CLANG_ANALYZER_NONNULL = YES;
				CLANG_ANALYZER_NUMBER_OBJECT_CONVERSION = YES_AGGRESSIVE;
				CLANG_CXX_LANGUAGE_STANDARD = "gnu++17";
				CLANG_ENABLE_MODULES = YES;
				CLANG_ENABLE_OBJC_ARC = YES;
				CLANG_ENABLE_OBJC_WEAK = YES;
				CLANG_WARN_BLOCK_CAPTURE_AUTORELEASING = YES;
				CLANG_WARN_BOOL_CONVERSION = YES;
				CLANG_WARN_COMMA = YES;
				CLANG_WARN_CONSTANT_CONVERSION = YES;
				CLANG_WARN_DEPRECATED_OBJC_IMPLEMENTATIONS = YES;
				CLANG_WARN_DIRECT_OBJC_ISA_USAGE = YES_ERROR;
				CLANG_WARN_DOCUMENTATION_COMMENTS = YES;
				CLANG_WARN_EMPTY_BODY = YES;
				CLANG_WARN_ENUM_CONVERSION = YES;
				CLANG_WARN_INFINITE_RECURSION = YES;
				CLANG_WARN_INT_CONVERSION = YES;
				CLANG_WARN_NON_LITERAL_NULL_CONVERSION = YES;
				CLANG_WARN_OBJC_IMPLICIT_RETAIN_SELF = YES;
				CLANG_WARN_OBJC_LITERAL_CONVERSION = YES;
				CLANG_WARN_OBJC_ROOT_CLASS = YES_ERROR;
				CLANG_WARN_QUOTED_INCLUDE_IN_FRAMEWORK_HEADER = YES;
				CLANG_WARN_RANGE_LOOP_ANALYSIS = YES;
				CLANG_WARN_STRICT_PROTOTYPES = YES;
				CLANG_WARN_SUSPICIOUS_MOVE = YES;
				CLANG_WARN_UNGUARDED_AVAILABILITY = YES_AGGRESSIVE;
				CLANG_WARN_UNREACHABLE_CODE = YES;
				CLANG_WARN__DUPLICATE_METHOD_MATCH = YES;
				COPY_PHASE_STRIP = NO;
				DEBUG_INFORMATION_FORMAT = dwarf;
				ENABLE_STRICT_OBJC_MSGSEND = YES;
				ENABLE_TESTABILITY = YES;
				GCC_C_LANGUAGE_STANDARD = gnu11;
				GCC_DYNAMIC_NO_PIC = NO;
				GCC_NO_COMMON_BLOCKS = YES;
				GCC_OPTIMIZATION_LEVEL = 0;
				GCC_PREPROCESSOR_DEFINITIONS = (
					"DEBUG=1",
					"$(inherited)",
				);
				GCC_WARN_64_TO_32_BIT_CONVERSION = YES;
				GCC_WARN_ABOUT_RETURN_TYPE = YES_ERROR;
				GCC_WARN_UNDECLARED_SELECTOR = YES;
				GCC_WARN_UNINITIALIZED_AUTOS = YES_AGGRESSIVE;
				GCC_WARN_UNUSED_FUNCTION = YES;
				GCC_WARN_UNUSED_VARIABLE = YES;
				IPHONEOS_DEPLOYMENT_TARGET = 15.5;
				MTL_ENABLE_DEBUG_INFO = INCLUDE_SOURCE;
				MTL_FAST_MATH = YES;
				ONLY_ACTIVE_ARCH = YES;
				SDKROOT = iphoneos;
				SWIFT_ACTIVE_COMPILATION_CONDITIONS = DEBUG;
				SWIFT_OPTIMIZATION_LEVEL = "-Onone";
			};
			name = Debug;
		};
		4F31CEEB28D8951A007C6FAD /* Release */ = {
			isa = XCBuildConfiguration;
			buildSettings = {
				ALWAYS_SEARCH_USER_PATHS = NO;
				CLANG_ANALYZER_NONNULL = YES;
				CLANG_ANALYZER_NUMBER_OBJECT_CONVERSION = YES_AGGRESSIVE;
				CLANG_CXX_LANGUAGE_STANDARD = "gnu++17";
				CLANG_ENABLE_MODULES = YES;
				CLANG_ENABLE_OBJC_ARC = YES;
				CLANG_ENABLE_OBJC_WEAK = YES;
				CLANG_WARN_BLOCK_CAPTURE_AUTORELEASING = YES;
				CLANG_WARN_BOOL_CONVERSION = YES;
				CLANG_WARN_COMMA = YES;
				CLANG_WARN_CONSTANT_CONVERSION = YES;
				CLANG_WARN_DEPRECATED_OBJC_IMPLEMENTATIONS = YES;
				CLANG_WARN_DIRECT_OBJC_ISA_USAGE = YES_ERROR;
				CLANG_WARN_DOCUMENTATION_COMMENTS = YES;
				CLANG_WARN_EMPTY_BODY = YES;
				CLANG_WARN_ENUM_CONVERSION = YES;
				CLANG_WARN_INFINITE_RECURSION = YES;
				CLANG_WARN_INT_CONVERSION = YES;
				CLANG_WARN_NON_LITERAL_NULL_CONVERSION = YES;
				CLANG_WARN_OBJC_IMPLICIT_RETAIN_SELF = YES;
				CLANG_WARN_OBJC_LITERAL_CONVERSION = YES;
				CLANG_WARN_OBJC_ROOT_CLASS = YES_ERROR;
				CLANG_WARN_QUOTED_INCLUDE_IN_FRAMEWORK_HEADER = YES;
				CLANG_WARN_RANGE_LOOP_ANALYSIS = YES;
				CLANG_WARN_STRICT_PROTOTYPES = YES;
				CLANG_WARN_SUSPICIOUS_MOVE = YES;
				CLANG_WARN_UNGUARDED_AVAILABILITY = YES_AGGRESSIVE;
				CLANG_WARN_UNREACHABLE_CODE = YES;
				CLANG_WARN__DUPLICATE_METHOD_MATCH = YES;
				COPY_PHASE_STRIP = NO;
				DEBUG_INFORMATION_FORMAT = "dwarf-with-dsym";
				ENABLE_NS_ASSERTIONS = NO;
				ENABLE_STRICT_OBJC_MSGSEND = YES;
				GCC_C_LANGUAGE_STANDARD = gnu11;
				GCC_NO_COMMON_BLOCKS = YES;
				GCC_WARN_64_TO_32_BIT_CONVERSION = YES;
				GCC_WARN_ABOUT_RETURN_TYPE = YES_ERROR;
				GCC_WARN_UNDECLARED_SELECTOR = YES;
				GCC_WARN_UNINITIALIZED_AUTOS = YES_AGGRESSIVE;
				GCC_WARN_UNUSED_FUNCTION = YES;
				GCC_WARN_UNUSED_VARIABLE = YES;
				IPHONEOS_DEPLOYMENT_TARGET = 15.5;
				MTL_ENABLE_DEBUG_INFO = NO;
				MTL_FAST_MATH = YES;
				SDKROOT = iphoneos;
				SWIFT_COMPILATION_MODE = wholemodule;
				SWIFT_OPTIMIZATION_LEVEL = "-O";
				VALIDATE_PRODUCT = YES;
			};
			name = Release;
		};
		4F31CEED28D8951A007C6FAD /* Debug */ = {
			isa = XCBuildConfiguration;
			buildSettings = {
				ASSETCATALOG_COMPILER_APPICON_NAME = AppIcon;
				ASSETCATALOG_COMPILER_GLOBAL_ACCENT_COLOR_NAME = AccentColor;
				CODE_SIGN_STYLE = Automatic;
				CURRENT_PROJECT_VERSION = 1;
				DEVELOPMENT_TEAM = PUYA877FC7;
				GENERATE_INFOPLIST_FILE = YES;
				INFOPLIST_FILE = nightOverTimeSave/Info.plist;
				INFOPLIST_KEY_UIApplicationSupportsIndirectInputEvents = YES;
				INFOPLIST_KEY_UILaunchStoryboardName = LaunchScreen;
				INFOPLIST_KEY_UIMainStoryboardFile = Main;
				INFOPLIST_KEY_UISupportedInterfaceOrientations_iPad = "UIInterfaceOrientationPortrait UIInterfaceOrientationPortraitUpsideDown UIInterfaceOrientationLandscapeLeft UIInterfaceOrientationLandscapeRight";
				INFOPLIST_KEY_UISupportedInterfaceOrientations_iPhone = "UIInterfaceOrientationPortrait UIInterfaceOrientationLandscapeLeft UIInterfaceOrientationLandscapeRight";
				LD_RUNPATH_SEARCH_PATHS = (
					"$(inherited)",
					"@executable_path/Frameworks",
				);
				MARKETING_VERSION = 1.0;
				PRODUCT_BUNDLE_IDENTIFIER = com.firstProject.nightOverTimeSave;
				PRODUCT_NAME = "$(TARGET_NAME)";
				SWIFT_EMIT_LOC_STRINGS = YES;
				SWIFT_VERSION = 5.0;
				TARGETED_DEVICE_FAMILY = "1,2";
			};
			name = Debug;
		};
		4F31CEEE28D8951A007C6FAD /* Release */ = {
			isa = XCBuildConfiguration;
			buildSettings = {
				ASSETCATALOG_COMPILER_APPICON_NAME = AppIcon;
				ASSETCATALOG_COMPILER_GLOBAL_ACCENT_COLOR_NAME = AccentColor;
				CODE_SIGN_STYLE = Automatic;
				CURRENT_PROJECT_VERSION = 1;
				DEVELOPMENT_TEAM = PUYA877FC7;
				GENERATE_INFOPLIST_FILE = YES;
				INFOPLIST_FILE = nightOverTimeSave/Info.plist;
				INFOPLIST_KEY_UIApplicationSupportsIndirectInputEvents = YES;
				INFOPLIST_KEY_UILaunchStoryboardName = LaunchScreen;
				INFOPLIST_KEY_UIMainStoryboardFile = Main;
				INFOPLIST_KEY_UISupportedInterfaceOrientations_iPad = "UIInterfaceOrientationPortrait UIInterfaceOrientationPortraitUpsideDown UIInterfaceOrientationLandscapeLeft UIInterfaceOrientationLandscapeRight";
				INFOPLIST_KEY_UISupportedInterfaceOrientations_iPhone = "UIInterfaceOrientationPortrait UIInterfaceOrientationLandscapeLeft UIInterfaceOrientationLandscapeRight";
				LD_RUNPATH_SEARCH_PATHS = (
					"$(inherited)",
					"@executable_path/Frameworks",
				);
				MARKETING_VERSION = 1.0;
				PRODUCT_BUNDLE_IDENTIFIER = com.firstProject.nightOverTimeSave;
				PRODUCT_NAME = "$(TARGET_NAME)";
				SWIFT_EMIT_LOC_STRINGS = YES;
				SWIFT_VERSION = 5.0;
				TARGETED_DEVICE_FAMILY = "1,2";
			};
			name = Release;
		};
/* End XCBuildConfiguration section */

/* Begin XCConfigurationList section */
		4F31CED328D89519007C6FAD /* Build configuration list for PBXProject "nightOverTimeSave" */ = {
			isa = XCConfigurationList;
			buildConfigurations = (
				4F31CEEA28D8951A007C6FAD /* Debug */,
				4F31CEEB28D8951A007C6FAD /* Release */,
			);
			defaultConfigurationIsVisible = 0;
			defaultConfigurationName = Release;
		};
		4F31CEEC28D8951A007C6FAD /* Build configuration list for PBXNativeTarget "nightOverTimeSave" */ = {
			isa = XCConfigurationList;
			buildConfigurations = (
				4F31CEED28D8951A007C6FAD /* Debug */,
				4F31CEEE28D8951A007C6FAD /* Release */,
			);
			defaultConfigurationIsVisible = 0;
			defaultConfigurationName = Release;
		};
/* End XCConfigurationList section */
	};
	rootObject = 4F31CED028D89519007C6FAD /* Project object */;
}
